{
  "name": "rn-sailor",
  "version": "0.0.0",
  "lockfileVersion": 1,
  "requires": true,
  "dependencies": {
    "@types/history": {
      "version": "4.6.0",
      "resolved": "https://registry.npmjs.org/@types/history/-/history-4.6.0.tgz",
      "integrity": "sha512-2A0stT6b61DANLErAfSkeQ77N+A3FbR7ardUJUP3xm9f4W8qtG9ispBYDUX42Fl1EbR0rqSV3IWjbB6ew7hXRw==",
      "dev": true
    },
    "@types/react": {
      "version": "16.0.2",
      "resolved": "https://registry.npmjs.org/@types/react/-/react-16.0.2.tgz",
      "integrity": "sha512-vVdCha0AMQRMmE26AySLZG+R6qgZ8oNl4Qa2GxryM15rqY4zWKHl2hHLbfEXfaIxzdeDOmyX4O5p7gU/wT0jJw==",
      "dev": true
    },
    "@types/react-native": {
      "version": "0.47.5",
      "resolved": "https://registry.npmjs.org/@types/react-native/-/react-native-0.47.5.tgz",
      "integrity": "sha512-VCOlDgc96VWpv8mOkWuOAjs1bcUCiD0m0qa1mnCYqu/oPxPIeStZqO5IRCy/uihSMLVuFpmr5iLsZS2GIn9qoQ==",
      "dev": true,
      "requires": {
        "@types/react": "16.0.2"
      }
    },
    "@types/react-router": {
      "version": "4.0.15",
      "resolved": "https://registry.npmjs.org/@types/react-router/-/react-router-4.0.15.tgz",
      "integrity": "sha512-E3rS+jFk/zMcoIv4caqfic3mcIoQImpVaC9lNEgPqZttjocgLvjOwT+peBNbUCLPBeNwaTdglZZeZJmowb28sw==",
      "dev": true,
      "requires": {
        "@types/history": "4.6.0",
        "@types/react": "16.0.2"
      }
    },
    "@types/react-router-native": {
      "version": "4.0.1",
      "resolved": "https://registry.npmjs.org/@types/react-router-native/-/react-router-native-4.0.1.tgz",
      "integrity": "sha512-2J9Q4E7GRWuVMRIPOkUfYUVB/FsGVCvIpcs5l5OWNX+tG0W1wwbxUqHwecvQa0EwMglONLtZkNxDA1bVGNml4A==",
      "dev": true,
      "requires": {
        "@types/history": "4.6.0",
        "@types/react": "16.0.2",
        "@types/react-router": "4.0.15"
      }
    }
  }
}
